
Microsoft Visual Studio Solution File, Format Version 12.00
# Visual Studio Version 16
VisualStudioVersion = 16.0.31025.194
MinimumVisualStudioVersion = 10.0.40219.1
Project("{FAE04EC0-301F-11D3-BF4B-00C04F79EFBC}") = "SimonfiPeterdlgzt210324", "SimonfiPeterdlgzt210324\SimonfiPeterdlgzt210324.csproj", "{5DDA8215-CD62-43EC-A5CC-2F30722AE54C}"
EndProject
Global
	GlobalSection(SolutionConfigurationPlatforms) = preSolution
		Debug|Any CPU = Debug|Any CPU
		Release|Any CPU = Release|Any CPU
	EndGlobalSection
	GlobalSection(ProjectConfigurationPlatforms) = postSolution
		{5DDA8215-CD62-43EC-A5CC-2F30722AE54C}.Debug|Any CPU.ActiveCfg = Debug|Any CPU
		{5DDA8215-CD62-43EC-A5CC-2F30722AE54C}.Debug|Any CPU.Build.0 = Debug|Any CPU
		{5DDA8215-CD62-43EC-A5CC-2F30722AE54C}.Release|Any CPU.ActiveCfg = Release|Any CPU
		{5DDA8215-CD62-43EC-A5CC-2F30722AE54C}.Release|Any CPU.Build.0 = Release|Any CPU
	EndGlobalSection
	GlobalSection(SolutionProperties) = preSolution
		HideSolutionNode = FALSE
	EndGlobalSection
	GlobalSection(ExtensibilityGlobals) = postSolution
		SolutionGuid = {D93471D1-6DF6-421D-9AD6-63CD773B767C}
	EndGlobalSection
EndGlobal
